// !$*UTF8*$!
{
	archiveVersion = 1;
	classes = {
	};
	objectVersion = 50;
	objects = {

/* Begin PBXBuildFile section */
		E4BFE2CD25A7E63100AE3BCB /* AppDelegate.swift in Sources */ = {isa = PBXBuildFile; fileRef = E4BFE2CC25A7E63100AE3BCB /* AppDelegate.swift */; };
		E4BFE2CF25A7E63100AE3BCB /* GameScene.sks in Resources */ = {isa = PBXBuildFile; fileRef = E4BFE2CE25A7E63100AE3BCB /* GameScene.sks */; };
		E4BFE2D125A7E63100AE3BCB /* Actions.sks in Resources */ = {isa = PBXBuildFile; fileRef = E4BFE2D025A7E63100AE3BCB /* Actions.sks */; };
		E4BFE2D325A7E63100AE3BCB /* GameScene.swift in Sources */ = {isa = PBXBuildFile; fileRef = E4BFE2D225A7E63100AE3BCB /* GameScene.swift */; };
		E4BFE2D525A7E63100AE3BCB /* GameViewController.swift in Sources */ = {isa = PBXBuildFile; fileRef = E4BFE2D425A7E63100AE3BCB /* GameViewController.swift */; };
		E4BFE2D825A7E63100AE3BCB /* Main.storyboard in Resources */ = {isa = PBXBuildFile; fileRef = E4BFE2D625A7E63100AE3BCB /* Main.storyboard */; };
		E4BFE2DA25A7E63400AE3BCB /* Assets.xcassets in Resources */ = {isa = PBXBuildFile; fileRef = E4BFE2D925A7E63400AE3BCB /* Assets.xcassets */; };
		E4BFE2EC25A7E6D800AE3BCB /* titleBG.jpg in Resources */ = {isa = PBXBuildFile; fileRef = E4BFE2E725A7E6D700AE3BCB /* titleBG.jpg */; };
		E4BFE2ED25A7E6D800AE3BCB /* mog.png in Resources */ = {isa = PBXBuildFile; fileRef = E4BFE2E825A7E6D700AE3BCB /* mog.png */; };
		E4BFE2EE25A7E6D800AE3BCB /* cloud.png in Resources */ = {isa = PBXBuildFile; fileRef = E4BFE2E925A7E6D700AE3BCB /* cloud.png */; };
		E4BFE2EF25A7E6D800AE3BCB /* ff.jpg in Resources */ = {isa = PBXBuildFile; fileRef = E4BFE2EA25A7E6D800AE3BCB /* ff.jpg */; };
		E4BFE2F025A7E6D800AE3BCB /* cactuar.png in Resources */ = {isa = PBXBuildFile; fileRef = E4BFE2EB25A7E6D800AE3BCB /* cactuar.png */; };
		E4BFE2FA25A80A8800AE3BCB /* Launch Screen.storyboard in Resources */ = {isa = PBXBuildFile; fileRef = E4BFE2F925A80A8800AE3BCB /* Launch Screen.storyboard */; };
/* End PBXBuildFile section */

/* Begin PBXFileReference section */
		E4BFE2C925A7E63100AE3BCB /* Saving Mog.app */ = {isa = PBXFileReference; explicitFileType = wrapper.application; includeInIndex = 0; path = "Saving Mog.app"; sourceTree = BUILT_PRODUCTS_DIR; };
		E4BFE2CC25A7E63100AE3BCB /* AppDelegate.swift */ = {isa = PBXFileReference; lastKnownFileType = sourcecode.swift; path = AppDelegate.swift; sourceTree = "<group>"; };
		E4BFE2CE25A7E63100AE3BCB /* GameScene.sks */ = {isa = PBXFileReference; lastKnownFileType = file.sks; path = GameScene.sks; sourceTree = "<group>"; };
		E4BFE2D025A7E63100AE3BCB /* Actions.sks */ = {isa = PBXFileReference; lastKnownFileType = file.sks; path = Actions.sks; sourceTree = "<group>"; };
		E4BFE2D225A7E63100AE3BCB /* GameScene.swift */ = {isa = PBXFileReference; lastKnownFileType = sourcecode.swift; path = GameScene.swift; sourceTree = "<group>"; };
		E4BFE2D425A7E63100AE3BCB /* GameViewController.swift */ = {isa = PBXFileReference; lastKnownFileType = sourcecode.swift; path = GameViewController.swift; sourceTree = "<group>"; };
		E4BFE2D725A7E63100AE3BCB /* Base */ = {isa = PBXFileReference; lastKnownFileType = file.storyboard; name = Base; path = Base.lproj/Main.storyboard; sourceTree = "<group>"; };
		E4BFE2D925A7E63400AE3BCB /* Assets.xcassets */ = {isa = PBXFileReference; lastKnownFileType = folder.assetcatalog; path = Assets.xcassets; sourceTree = "<group>"; };
		E4BFE2DB25A7E63400AE3BCB /* Info.plist */ = {isa = PBXFileReference; lastKnownFileType = text.plist.xml; path = Info.plist; sourceTree = "<group>"; };
		E4BFE2E725A7E6D700AE3BCB /* titleBG.jpg */ = {isa = PBXFileReference; lastKnownFileType = image.jpeg; path = titleBG.jpg; sourceTree = "<group>"; };
		E4BFE2E825A7E6D700AE3BCB /* mog.png */ = {isa = PBXFileReference; lastKnownFileType = image.png; path = mog.png; sourceTree = "<group>"; };
		E4BFE2E925A7E6D700AE3BCB /* cloud.png */ = {isa = PBXFileReference; lastKnownFileType = image.png; path = cloud.png; sourceTree = "<group>"; };
		E4BFE2EA25A7E6D800AE3BCB /* ff.jpg */ = {isa = PBXFileReference; lastKnownFileType = image.jpeg; path = ff.jpg; sourceTree = "<group>"; };
		E4BFE2EB25A7E6D800AE3BCB /* cactuar.png */ = {isa = PBXFileReference; lastKnownFileType = image.png; path = cactuar.png; sourceTree = "<group>"; };
		E4BFE2F225A7E6E100AE3BCB /* Ferrum-wy99.otf */ = {isa = PBXFileReference; lastKnownFileType = file; path = "Ferrum-wy99.otf"; sourceTree = "<group>"; };
		E4BFE2F925A80A8800AE3BCB /* Launch Screen.storyboard */ = {isa = PBXFileReference; lastKnownFileType = file.storyboard; path = "Launch Screen.storyboard"; sourceTree = "<group>"; };
/* End PBXFileReference section */

/* Begin PBXFrameworksBuildPhase section */
		E4BFE2C625A7E63100AE3BCB /* Frameworks */ = {
			isa = PBXFrameworksBuildPhase;
			buildActionMask = 2147483647;
			files = (
			);
			runOnlyForDeploymentPostprocessing = 0;
		};
/* End PBXFrameworksBuildPhase section */

/* Begin PBXGroup section */
		E4BFE2C025A7E63100AE3BCB = {
			isa = PBXGroup;
			children = (
				E4BFE2CB25A7E63100AE3BCB /* Saving Mog */,
				E4BFE2CA25A7E63100AE3BCB /* Products */,
			);
			sourceTree = "<group>";
		};
		E4BFE2CA25A7E63100AE3BCB /* Products */ = {
			isa = PBXGroup;
			children = (
				E4BFE2C925A7E63100AE3BCB /* Saving Mog.app */,
			);
			name = Products;
			sourceTree = "<group>";
		};
		E4BFE2CB25A7E63100AE3BCB /* Saving Mog */ = {
			isa = PBXGroup;
			children = (
				E4BFE2F425A7E71C00AE3BCB /* Scenes */,
				E4BFE2F325A7E70B00AE3BCB /* Storyboards */,
				E4BFE2E625A7E6A400AE3BCB /* Fonts */,
				E4BFE2E525A7E6A000AE3BCB /* Images */,
				E4BFE2E325A7E68200AE3BCB /* ViewControllers */,
				E4BFE2CC25A7E63100AE3BCB /* AppDelegate.swift */,
				E4BFE2D925A7E63400AE3BCB /* Assets.xcassets */,
				E4BFE2DB25A7E63400AE3BCB /* Info.plist */,
			);
			path = "Saving Mog";
			sourceTree = "<group>";
		};
		E4BFE2E325A7E68200AE3BCB /* ViewControllers */ = {
			isa = PBXGroup;
			children = (
				E4BFE2D425A7E63100AE3BCB /* GameViewController.swift */,
			);
			path = ViewControllers;
			sourceTree = "<group>";
		};
		E4BFE2E525A7E6A000AE3BCB /* Images */ = {
			isa = PBXGroup;
			children = (
				E4BFE2EB25A7E6D800AE3BCB /* cactuar.png */,
				E4BFE2E925A7E6D700AE3BCB /* cloud.png */,
				E4BFE2EA25A7E6D800AE3BCB /* ff.jpg */,
				E4BFE2E825A7E6D700AE3BCB /* mog.png */,
				E4BFE2E725A7E6D700AE3BCB /* titleBG.jpg */,
			);
			path = Images;
			sourceTree = "<group>";
		};
		E4BFE2E625A7E6A400AE3BCB /* Fonts */ = {
			isa = PBXGroup;
			children = (
				E4BFE2F225A7E6E100AE3BCB /* Ferrum-wy99.otf */,
			);
			path = Fonts;
			sourceTree = "<group>";
		};
		E4BFE2F325A7E70B00AE3BCB /* Storyboards */ = {
			isa = PBXGroup;
			children = (
				E4BFE2D625A7E63100AE3BCB /* Main.storyboard */,
				E4BFE2F925A80A8800AE3BCB /* Launch Screen.storyboard */,
			);
			path = Storyboards;
			sourceTree = "<group>";
		};
		E4BFE2F425A7E71C00AE3BCB /* Scenes */ = {
			isa = PBXGroup;
			children = (
				E4BFE2CE25A7E63100AE3BCB /* GameScene.sks */,
				E4BFE2D025A7E63100AE3BCB /* Actions.sks */,
				E4BFE2D225A7E63100AE3BCB /* GameScene.swift */,
			);
			path = Scenes;
			sourceTree = "<group>";
		};
/* End PBXGroup section */

/* Begin PBXNativeTarget section */
		E4BFE2C825A7E63100AE3BCB /* Saving Mog */ = {
			isa = PBXNativeTarget;
			buildConfigurationList = E4BFE2DE25A7E63400AE3BCB /* Build configuration list for PBXNativeTarget "Saving Mog" */;
			buildPhases = (
				E4BFE2C525A7E63100AE3BCB /* Sources */,
				E4BFE2C625A7E63100AE3BCB /* Frameworks */,
				E4BFE2C725A7E63100AE3BCB /* Resources */,
			);
			buildRules = (
			);
			dependencies = (
			);
			name = "Saving Mog";
			productName = "Saving Mog";
			productReference = E4BFE2C925A7E63100AE3BCB /* Saving Mog.app */;
			productType = "com.apple.product-type.application";
		};
/* End PBXNativeTarget section */

/* Begin PBXProject section */
		E4BFE2C125A7E63100AE3BCB /* Project object */ = {
			isa = PBXProject;
			attributes = {
				LastSwiftUpdateCheck = 1230;
				LastUpgradeCheck = 1230;
				TargetAttributes = {
					E4BFE2C825A7E63100AE3BCB = {
						CreatedOnToolsVersion = 12.3;
					};
				};
			};
			buildConfigurationList = E4BFE2C425A7E63100AE3BCB /* Build configuration list for PBXProject "Saving Mog" */;
			compatibilityVersion = "Xcode 9.3";
			developmentRegion = en;
			hasScannedForEncodings = 0;
			knownRegions = (
				en,
				Base,
			);
			mainGroup = E4BFE2C025A7E63100AE3BCB;
			productRefGroup = E4BFE2CA25A7E63100AE3BCB /* Products */;
			projectDirPath = "";
			projectRoot = "";
			targets = (
				E4BFE2C825A7E63100AE3BCB /* Saving Mog */,
			);
		};
/* End PBXProject section */

/* Begin PBXResourcesBuildPhase section */
		E4BFE2C725A7E63100AE3BCB /* Resources */ = {
			isa = PBXResourcesBuildPhase;
			buildActionMask = 2147483647;
			files = (
				E4BFE2D825A7E63100AE3BCB /* Main.storyboard in Resources */,
				E4BFE2EF25A7E6D800AE3BCB /* ff.jpg in Resources */,
				E4BFE2CF25A7E63100AE3BCB /* GameScene.sks in Resources */,
				E4BFE2EE25A7E6D800AE3BCB /* cloud.png in Resources */,
				E4BFE2EC25A7E6D800AE3BCB /* titleBG.jpg in Resources */,
				E4BFE2ED25A7E6D800AE3BCB /* mog.png in Resources */,
				E4BFE2F025A7E6D800AE3BCB /* cactuar.png in Resources */,
				E4BFE2DA25A7E63400AE3BCB /* Assets.xcassets in Resources */,
				E4BFE2FA25A80A8800AE3BCB /* Launch Screen.storyboard in Resources */,
				E4BFE2D125A7E63100AE3BCB /* Actions.sks in Resources */,
			);
			runOnlyForDeploymentPostprocessing = 0;
		};
/* End PBXResourcesBuildPhase section */

/* Begin PBXSourcesBuildPhase section */
		E4BFE2C525A7E63100AE3BCB /* Sources */ = {
			isa = PBXSourcesBuildPhase;
			buildActionMask = 2147483647;
			files = (
				E4BFE2D325A7E63100AE3BCB /* GameScene.swift in Sources */,
				E4BFE2D525A7E63100AE3BCB /* GameViewController.swift in Sources */,
				E4BFE2CD25A7E63100AE3BCB /* AppDelegate.swift in Sources */,
			);
			runOnlyForDeploymentPostprocessing = 0;
		};
/* End PBXSourcesBuildPhase section */

/* Begin PBXVariantGroup section */
		E4BFE2D625A7E63100AE3BCB /* Main.storyboard */ = {
			isa = PBXVariantGroup;
			children = (
				E4BFE2D725A7E63100AE3BCB /* Base */,
			);
			name = Main.storyboard;
			sourceTree = "<group>";
		};
/* End PBXVariantGroup section */

/* Begin XCBuildConfiguration section */
		E4BFE2DC25A7E63400AE3BCB /* Debug */ = {
			isa = XCBuildConfiguration;
			buildSettings = {
				ALWAYS_SEARCH_USER_PATHS = NO;
				CLANG_ANALYZER_NONNULL = YES;
				CLANG_ANALYZER_NUMBER_OBJECT_CONVERSION = YES_AGGRESSIVE;
				CLANG_CXX_LANGUAGE_STANDARD = "gnu++14";
				CLANG_CXX_LIBRARY = "libc++";
				CLANG_ENABLE_MODULES = YES;
				CLANG_ENABLE_OBJC_ARC = YES;
				CLANG_ENABLE_OBJC_WEAK = YES;
				CLANG_WARN_BLOCK_CAPTURE_AUTORELEASING = YES;
				CLANG_WARN_BOOL_CONVERSION = YES;
				CLANG_WARN_COMMA = YES;
				CLANG_WARN_CONSTANT_CONVERSION = YES;
				CLANG_WARN_DEPRECATED_OBJC_IMPLEMENTATIONS = YES;
				CLANG_WARN_DIRECT_OBJC_ISA_USAGE = YES_ERROR;
				CLANG_WARN_DOCUMENTATION_COMMENTS = YES;
				CLANG_WARN_EMPTY_BODY = YES;
				CLANG_WARN_ENUM_CONVERSION = YES;
				CLANG_WARN_INFINITE_RECURSION = YES;
				CLANG_WARN_INT_CONVERSION = YES;
				CLANG_WARN_NON_LITERAL_NULL_CONVERSION = YES;
				CLANG_WARN_OBJC_IMPLICIT_RETAIN_SELF = YES;
				CLANG_WARN_OBJC_LITERAL_CONVERSION = YES;
				CLANG_WARN_OBJC_ROOT_CLASS = YES_ERROR;
				CLANG_WARN_QUOTED_INCLUDE_IN_FRAMEWORK_HEADER = YES;
				CLANG_WARN_RANGE_LOOP_ANALYSIS = YES;
				CLANG_WARN_STRICT_PROTOTYPES = YES;
				CLANG_WARN_SUSPICIOUS_MOVE = YES;
				CLANG_WARN_UNGUARDED_AVAILABILITY = YES_AGGRESSIVE;
				CLANG_WARN_UNREACHABLE_CODE = YES;
				CLANG_WARN__DUPLICATE_METHOD_MATCH = YES;
				COPY_PHASE_STRIP = NO;
				DEBUG_INFORMATION_FORMAT = dwarf;
				ENABLE_STRICT_OBJC_MSGSEND = YES;
				ENABLE_TESTABILITY = YES;
				GCC_C_LANGUAGE_STANDARD = gnu11;
				GCC_DYNAMIC_NO_PIC = NO;
				GCC_NO_COMMON_BLOCKS = YES;
				GCC_OPTIMIZATION_LEVEL = 0;
				GCC_PREPROCESSOR_DEFINITIONS = (
					"DEBUG=1",
					"$(inherited)",
				);
				GCC_WARN_64_TO_32_BIT_CONVERSION = YES;
				GCC_WARN_ABOUT_RETURN_TYPE = YES_ERROR;
				GCC_WARN_UNDECLARED_SELECTOR = YES;
				GCC_WARN_UNINITIALIZED_AUTOS = YES_AGGRESSIVE;
				GCC_WARN_UNUSED_FUNCTION = YES;
				GCC_WARN_UNUSED_VARIABLE = YES;
				IPHONEOS_DEPLOYMENT_TARGET = 14.3;
				MTL_ENABLE_DEBUG_INFO = INCLUDE_SOURCE;
				MTL_FAST_MATH = YES;
				ONLY_ACTIVE_ARCH = YES;
				SDKROOT = iphoneos;
				SWIFT_ACTIVE_COMPILATION_CONDITIONS = DEBUG;
				SWIFT_OPTIMIZATION_LEVEL = "-Onone";
			};
			name = Debug;
		};
		E4BFE2DD25A7E63400AE3BCB /* Release */ = {
			isa = XCBuildConfiguration;
			buildSettings = {
				ALWAYS_SEARCH_USER_PATHS = NO;
				CLANG_ANALYZER_NONNULL = YES;
				CLANG_ANALYZER_NUMBER_OBJECT_CONVERSION = YES_AGGRESSIVE;
				CLANG_CXX_LANGUAGE_STANDARD = "gnu++14";
				CLANG_CXX_LIBRARY = "libc++";
				CLANG_ENABLE_MODULES = YES;
				CLANG_ENABLE_OBJC_ARC = YES;
				CLANG_ENABLE_OBJC_WEAK = YES;
				CLANG_WARN_BLOCK_CAPTURE_AUTORELEASING = YES;
				CLANG_WARN_BOOL_CONVERSION = YES;
				CLANG_WARN_COMMA = YES;
				CLANG_WARN_CONSTANT_CONVERSION = YES;
				CLANG_WARN_DEPRECATED_OBJC_IMPLEMENTATIONS = YES;
				CLANG_WARN_DIRECT_OBJC_ISA_USAGE = YES_ERROR;
				CLANG_WARN_DOCUMENTATION_COMMENTS = YES;
				CLANG_WARN_EMPTY_BODY = YES;
				CLANG_WARN_ENUM_CONVERSION = YES;
				CLANG_WARN_INFINITE_RECURSION = YES;
				CLANG_WARN_INT_CONVERSION = YES;
				CLANG_WARN_NON_LITERAL_NULL_CONVERSION = YES;
				CLANG_WARN_OBJC_IMPLICIT_RETAIN_SELF = YES;
				CLANG_WARN_OBJC_LITERAL_CONVERSION = YES;
				CLANG_WARN_OBJC_ROOT_CLASS = YES_ERROR;
				CLANG_WARN_QUOTED_INCLUDE_IN_FRAMEWORK_HEADER = YES;
				CLANG_WARN_RANGE_LOOP_ANALYSIS = YES;
				CLANG_WARN_STRICT_PROTOTYPES = YES;
				CLANG_WARN_SUSPICIOUS_MOVE = YES;
				CLANG_WARN_UNGUARDED_AVAILABILITY = YES_AGGRESSIVE;
				CLANG_WARN_UNREACHABLE_CODE = YES;
				CLANG_WARN__DUPLICATE_METHOD_MATCH = YES;
				COPY_PHASE_STRIP = NO;
				DEBUG_INFORMATION_FORMAT = "dwarf-with-dsym";
				ENABLE_NS_ASSERTIONS = NO;
				ENABLE_STRICT_OBJC_MSGSEND = YES;
				GCC_C_LANGUAGE_STANDARD = gnu11;
				GCC_NO_COMMON_BLOCKS = YES;
				GCC_WARN_64_TO_32_BIT_CONVERSION = YES;
				GCC_WARN_ABOUT_RETURN_TYPE = YES_ERROR;
				GCC_WARN_UNDECLARED_SELECTOR = YES;
				GCC_WARN_UNINITIALIZED_AUTOS = YES_AGGRESSIVE;
				GCC_WARN_UNUSED_FUNCTION = YES;
				GCC_WARN_UNUSED_VARIABLE = YES;
				IPHONEOS_DEPLOYMENT_TARGET = 14.3;
				MTL_ENABLE_DEBUG_INFO = NO;
				MTL_FAST_MATH = YES;
				SDKROOT = iphoneos;
				SWIFT_COMPILATION_MODE = wholemodule;
				SWIFT_OPTIMIZATION_LEVEL = "-O";
				VALIDATE_PRODUCT = YES;
			};
			name = Release;
		};
		E4BFE2DF25A7E63400AE3BCB /* Debug */ = {
			isa = XCBuildConfiguration;
			buildSettings = {
				ASSETCATALOG_COMPILER_APPICON_NAME = AppIcon;
				ASSETCATALOG_COMPILER_GLOBAL_ACCENT_COLOR_NAME = AccentColor;
				CODE_SIGN_STYLE = Automatic;
				DEVELOPMENT_TEAM = 9S9U8Q6W7C;
				INFOPLIST_FILE = "Saving Mog/Info.plist";
				IPHONEOS_DEPLOYMENT_TARGET = 13.4;
				LD_RUNPATH_SEARCH_PATHS = (
					"$(inherited)",
					"@executable_path/Frameworks",
				);
				PRODUCT_BUNDLE_IDENTIFIER = "com.wangweib.Saving-Mog";
				PRODUCT_NAME = "$(TARGET_NAME)";
				SWIFT_VERSION = 5.0;
				TARGETED_DEVICE_FAMILY = "1,2";
			};
			name = Debug;
		};
		E4BFE2E025A7E63400AE3BCB /* Release */ = {
			isa = XCBuildConfiguration;
			buildSettings = {
				ASSETCATALOG_COMPILER_APPICON_NAME = AppIcon;
				ASSETCATALOG_COMPILER_GLOBAL_ACCENT_COLOR_NAME = AccentColor;
				CODE_SIGN_STYLE = Automatic;
				DEVELOPMENT_TEAM = 9S9U8Q6W7C;
				INFOPLIST_FILE = "Saving Mog/Info.plist";
				IPHONEOS_DEPLOYMENT_TARGET = 13.4;
				LD_RUNPATH_SEARCH_PATHS = (
					"$(inherited)",
					"@executable_path/Frameworks",
				);
				PRODUCT_BUNDLE_IDENTIFIER = "com.wangweib.Saving-Mog";
				PRODUCT_NAME = "$(TARGET_NAME)";
				SWIFT_VERSION = 5.0;
				TARGETED_DEVICE_FAMILY = "1,2";
			};
			name = Release;
		};
/* End XCBuildConfiguration section */

/* Begin XCConfigurationList section */
		E4BFE2C425A7E63100AE3BCB /* Build configuration list for PBXProject "Saving Mog" */ = {
			isa = XCConfigurationList;
			buildConfigurations = (
				E4BFE2DC25A7E63400AE3BCB /* Debug */,
				E4BFE2DD25A7E63400AE3BCB /* Release */,
			);
			defaultConfigurationIsVisible = 0;
			defaultConfigurationName = Release;
		};
		E4BFE2DE25A7E63400AE3BCB /* Build configuration list for PBXNativeTarget "Saving Mog" */ = {
			isa = XCConfigurationList;
			buildConfigurations = (
				E4BFE2DF25A7E63400AE3BCB /* Debug */,
				E4BFE2E025A7E63400AE3BCB /* Release */,
			);
			defaultConfigurationIsVisible = 0;
			defaultConfigurationName = Release;
		};
/* End XCConfigurationList section */
	};
	rootObject = E4BFE2C125A7E63100AE3BCB /* Project object */;
}
